// !$*UTF8*$!
{
	archiveVersion = 1;
	classes = {
	};
	objectVersion = 50;
	objects = {

/* Begin PBXBuildFile section */
		BC0B0F0467AF9C16184DC792 /* Pods_Flowering.framework in Frameworks */ = {isa = PBXBuildFile; fileRef = F9E1006C6095B160C3AC3519 /* Pods_Flowering.framework */; };
		FB1CA679237407B00074A6FC /* AppDelegate.swift in Sources */ = {isa = PBXBuildFile; fileRef = FB1CA678237407B00074A6FC /* AppDelegate.swift */; };
		FB1CA67B237407B00074A6FC /* SceneDelegate.swift in Sources */ = {isa = PBXBuildFile; fileRef = FB1CA67A237407B00074A6FC /* SceneDelegate.swift */; };
		FB1CA67D237407B00074A6FC /* ViewController.swift in Sources */ = {isa = PBXBuildFile; fileRef = FB1CA67C237407B00074A6FC /* ViewController.swift */; };
		FB1CA680237407B00074A6FC /* Main.storyboard in Resources */ = {isa = PBXBuildFile; fileRef = FB1CA67E237407B00074A6FC /* Main.storyboard */; };
		FB1CA682237407B10074A6FC /* Assets.xcassets in Resources */ = {isa = PBXBuildFile; fileRef = FB1CA681237407B10074A6FC /* Assets.xcassets */; };
		FB1CA685237407B10074A6FC /* LaunchScreen.storyboard in Resources */ = {isa = PBXBuildFile; fileRef = FB1CA683237407B10074A6FC /* LaunchScreen.storyboard */; };
/* End PBXBuildFile section */

/* Begin PBXFileReference section */
		0C8DA48B5FD6D23415552E6E /* Pods-Flowering.debug.xcconfig */ = {isa = PBXFileReference; includeInIndex = 1; lastKnownFileType = text.xcconfig; name = "Pods-Flowering.debug.xcconfig"; path = "Target Support Files/Pods-Flowering/Pods-Flowering.debug.xcconfig"; sourceTree = "<group>"; };
		A9CCD7EAC0CEA8FFC2671E40 /* Pods-Flowering.release.xcconfig */ = {isa = PBXFileReference; includeInIndex = 1; lastKnownFileType = text.xcconfig; name = "Pods-Flowering.release.xcconfig"; path = "Target Support Files/Pods-Flowering/Pods-Flowering.release.xcconfig"; sourceTree = "<group>"; };
		F9E1006C6095B160C3AC3519 /* Pods_Flowering.framework */ = {isa = PBXFileReference; explicitFileType = wrapper.framework; includeInIndex = 0; path = Pods_Flowering.framework; sourceTree = BUILT_PRODUCTS_DIR; };
		FB1CA675237407B00074A6FC /* Flowering.app */ = {isa = PBXFileReference; explicitFileType = wrapper.application; includeInIndex = 0; path = Flowering.app; sourceTree = BUILT_PRODUCTS_DIR; };
		FB1CA678237407B00074A6FC /* AppDelegate.swift */ = {isa = PBXFileReference; lastKnownFileType = sourcecode.swift; path = AppDelegate.swift; sourceTree = "<group>"; };
		FB1CA67A237407B00074A6FC /* SceneDelegate.swift */ = {isa = PBXFileReference; lastKnownFileType = sourcecode.swift; path = SceneDelegate.swift; sourceTree = "<group>"; };
		FB1CA67C237407B00074A6FC /* ViewController.swift */ = {isa = PBXFileReference; lastKnownFileType = sourcecode.swift; path = ViewController.swift; sourceTree = "<group>"; };
		FB1CA67F237407B00074A6FC /* Base */ = {isa = PBXFileReference; lastKnownFileType = file.storyboard; name = Base; path = Base.lproj/Main.storyboard; sourceTree = "<group>"; };
		FB1CA681237407B10074A6FC /* Assets.xcassets */ = {isa = PBXFileReference; lastKnownFileType = folder.assetcatalog; path = Assets.xcassets; sourceTree = "<group>"; };
		FB1CA684237407B10074A6FC /* Base */ = {isa = PBXFileReference; lastKnownFileType = file.storyboard; name = Base; path = Base.lproj/LaunchScreen.storyboard; sourceTree = "<group>"; };
		FB1CA686237407B10074A6FC /* Info.plist */ = {isa = PBXFileReference; lastKnownFileType = text.plist.xml; path = Info.plist; sourceTree = "<group>"; };
/* End PBXFileReference section */

/* Begin PBXFrameworksBuildPhase section */
		FB1CA672237407B00074A6FC /* Frameworks */ = {
			isa = PBXFrameworksBuildPhase;
			buildActionMask = 2147483647;
			files = (
				BC0B0F0467AF9C16184DC792 /* Pods_Flowering.framework in Frameworks */,
			);
			runOnlyForDeploymentPostprocessing = 0;
		};
/* End PBXFrameworksBuildPhase section */

/* Begin PBXGroup section */
		26269B38A1C6E5A3B1D3E1DB /* Pods */ = {
			isa = PBXGroup;
			children = (
				0C8DA48B5FD6D23415552E6E /* Pods-Flowering.debug.xcconfig */,
				A9CCD7EAC0CEA8FFC2671E40 /* Pods-Flowering.release.xcconfig */,
			);
			name = Pods;
			path = Pods;
			sourceTree = "<group>";
		};
		2E0F1D7199251434CD7FCEDF /* Frameworks */ = {
			isa = PBXGroup;
			children = (
				F9E1006C6095B160C3AC3519 /* Pods_Flowering.framework */,
			);
			name = Frameworks;
			sourceTree = "<group>";
		};
		FB1CA66C237407B00074A6FC = {
			isa = PBXGroup;
			children = (
				FB1CA677237407B00074A6FC /* Flowering */,
				FB1CA676237407B00074A6FC /* Products */,
				26269B38A1C6E5A3B1D3E1DB /* Pods */,
				2E0F1D7199251434CD7FCEDF /* Frameworks */,
			);
			sourceTree = "<group>";
		};
		FB1CA676237407B00074A6FC /* Products */ = {
			isa = PBXGroup;
			children = (
				FB1CA675237407B00074A6FC /* Flowering.app */,
			);
			name = Products;
			sourceTree = "<group>";
		};
		FB1CA677237407B00074A6FC /* Flowering */ = {
			isa = PBXGroup;
			children = (
				FB1CA678237407B00074A6FC /* AppDelegate.swift */,
				FB1CA67A237407B00074A6FC /* SceneDelegate.swift */,
				FB1CA67C237407B00074A6FC /* ViewController.swift */,
				FB1CA67E237407B00074A6FC /* Main.storyboard */,
				FB1CA681237407B10074A6FC /* Assets.xcassets */,
				FB1CA683237407B10074A6FC /* LaunchScreen.storyboard */,
				FB1CA686237407B10074A6FC /* Info.plist */,
			);
			path = Flowering;
			sourceTree = "<group>";
		};
/* End PBXGroup section */

/* Begin PBXNativeTarget section */
		FB1CA674237407B00074A6FC /* Flowering */ = {
			isa = PBXNativeTarget;
			buildConfigurationList = FB1CA689237407B10074A6FC /* Build configuration list for PBXNativeTarget "Flowering" */;
			buildPhases = (
				0F64106E34B540EBB2C7D45D /* [CP] Check Pods Manifest.lock */,
				FB1CA671237407B00074A6FC /* Sources */,
				FB1CA672237407B00074A6FC /* Frameworks */,
				FB1CA673237407B00074A6FC /* Resources */,
				A566B4ECDB02FE9C24E619FD /* [CP] Embed Pods Frameworks */,
			);
			buildRules = (
			);
			dependencies = (
			);
			name = Flowering;
			productName = Flowering;
			productReference = FB1CA675237407B00074A6FC /* Flowering.app */;
			productType = "com.apple.product-type.application";
		};
/* End PBXNativeTarget section */

/* Begin PBXProject section */
		FB1CA66D237407B00074A6FC /* Project object */ = {
			isa = PBXProject;
			attributes = {
				LastSwiftUpdateCheck = 1120;
				LastUpgradeCheck = 1120;
				ORGANIZATIONNAME = Personal;
				TargetAttributes = {
					FB1CA674237407B00074A6FC = {
						CreatedOnToolsVersion = 11.2;
					};
				};
			};
			buildConfigurationList = FB1CA670237407B00074A6FC /* Build configuration list for PBXProject "Flowering" */;
			compatibilityVersion = "Xcode 9.3";
			developmentRegion = en;
			hasScannedForEncodings = 0;
			knownRegions = (
				en,
				Base,
			);
			mainGroup = FB1CA66C237407B00074A6FC;
			productRefGroup = FB1CA676237407B00074A6FC /* Products */;
			projectDirPath = "";
			projectRoot = "";
			targets = (
				FB1CA674237407B00074A6FC /* Flowering */,
			);
		};
/* End PBXProject section */

/* Begin PBXResourcesBuildPhase section */
		FB1CA673237407B00074A6FC /* Resources */ = {
			isa = PBXResourcesBuildPhase;
			buildActionMask = 2147483647;
			files = (
				FB1CA685237407B10074A6FC /* LaunchScreen.storyboard in Resources */,
				FB1CA682237407B10074A6FC /* Assets.xcassets in Resources */,
				FB1CA680237407B00074A6FC /* Main.storyboard in Resources */,
			);
			runOnlyForDeploymentPostprocessing = 0;
		};
/* End PBXResourcesBuildPhase section */

/* Begin PBXShellScriptBuildPhase section */
		0F64106E34B540EBB2C7D45D /* [CP] Check Pods Manifest.lock */ = {
			isa = PBXShellScriptBuildPhase;
			buildActionMask = 2147483647;
			files = (
			);
			inputFileListPaths = (
			);
			inputPaths = (
				"${PODS_PODFILE_DIR_PATH}/Podfile.lock",
				"${PODS_ROOT}/Manifest.lock",
			);
			name = "[CP] Check Pods Manifest.lock";
			outputFileListPaths = (
			);
			outputPaths = (
				"$(DERIVED_FILE_DIR)/Pods-Flowering-checkManifestLockResult.txt",
			);
			runOnlyForDeploymentPostprocessing = 0;
			shellPath = /bin/sh;
			shellScript = "diff \"${PODS_PODFILE_DIR_PATH}/Podfile.lock\" \"${PODS_ROOT}/Manifest.lock\" > /dev/null\nif [ $? != 0 ] ; then\n    # print error to STDERR\n    echo \"error: The sandbox is not in sync with the Podfile.lock. Run 'pod install' or update your CocoaPods installation.\" >&2\n    exit 1\nfi\n# This output is used by Xcode 'outputs' to avoid re-running this script phase.\necho \"SUCCESS\" > \"${SCRIPT_OUTPUT_FILE_0}\"\n";
			showEnvVarsInLog = 0;
		};
		A566B4ECDB02FE9C24E619FD /* [CP] Embed Pods Frameworks */ = {
			isa = PBXShellScriptBuildPhase;
			buildActionMask = 2147483647;
			files = (
			);
			inputFileListPaths = (
				"${PODS_ROOT}/Target Support Files/Pods-Flowering/Pods-Flowering-frameworks-${CONFIGURATION}-input-files.xcfilelist",
			);
			name = "[CP] Embed Pods Frameworks";
			outputFileListPaths = (
				"${PODS_ROOT}/Target Support Files/Pods-Flowering/Pods-Flowering-frameworks-${CONFIGURATION}-output-files.xcfilelist",
			);
			runOnlyForDeploymentPostprocessing = 0;
			shellPath = /bin/sh;
			shellScript = "\"${PODS_ROOT}/Target Support Files/Pods-Flowering/Pods-Flowering-frameworks.sh\"\n";
			showEnvVarsInLog = 0;
		};
/* End PBXShellScriptBuildPhase section */

/* Begin PBXSourcesBuildPhase section */
		FB1CA671237407B00074A6FC /* Sources */ = {
			isa = PBXSourcesBuildPhase;
			buildActionMask = 2147483647;
			files = (
				FB1CA67D237407B00074A6FC /* ViewController.swift in Sources */,
				FB1CA679237407B00074A6FC /* AppDelegate.swift in Sources */,
				FB1CA67B237407B00074A6FC /* SceneDelegate.swift in Sources */,
			);
			runOnlyForDeploymentPostprocessing = 0;
		};
/* End PBXSourcesBuildPhase section */

/* Begin PBXVariantGroup section */
		FB1CA67E237407B00074A6FC /* Main.storyboard */ = {
			isa = PBXVariantGroup;
			children = (
				FB1CA67F237407B00074A6FC /* Base */,
			);
			name = Main.storyboard;
			sourceTree = "<group>";
		};
		FB1CA683237407B10074A6FC /* LaunchScreen.storyboard */ = {
			isa = PBXVariantGroup;
			children = (
				FB1CA684237407B10074A6FC /* Base */,
			);
			name = LaunchScreen.storyboard;
			sourceTree = "<group>";
		};
/* End PBXVariantGroup section */

/* Begin XCBuildConfiguration section */
		FB1CA687237407B10074A6FC /* Debug */ = {
			isa = XCBuildConfiguration;
			buildSettings = {
				ALWAYS_SEARCH_USER_PATHS = NO;
				CLANG_ANALYZER_NONNULL = YES;
				CLANG_ANALYZER_NUMBER_OBJECT_CONVERSION = YES_AGGRESSIVE;
				CLANG_CXX_LANGUAGE_STANDARD = "gnu++14";
				CLANG_CXX_LIBRARY = "libc++";
				CLANG_ENABLE_MODULES = YES;
				CLANG_ENABLE_OBJC_ARC = YES;
				CLANG_ENABLE_OBJC_WEAK = YES;
				CLANG_WARN_BLOCK_CAPTURE_AUTORELEASING = YES;
				CLANG_WARN_BOOL_CONVERSION = YES;
				CLANG_WARN_COMMA = YES;
				CLANG_WARN_CONSTANT_CONVERSION = YES;
				CLANG_WARN_DEPRECATED_OBJC_IMPLEMENTATIONS = YES;
				CLANG_WARN_DIRECT_OBJC_ISA_USAGE = YES_ERROR;
				CLANG_WARN_DOCUMENTATION_COMMENTS = YES;
				CLANG_WARN_EMPTY_BODY = YES;
				CLANG_WARN_ENUM_CONVERSION = YES;
				CLANG_WARN_INFINITE_RECURSION = YES;
				CLANG_WARN_INT_CONVERSION = YES;
				CLANG_WARN_NON_LITERAL_NULL_CONVERSION = YES;
				CLANG_WARN_OBJC_IMPLICIT_RETAIN_SELF = YES;
				CLANG_WARN_OBJC_LITERAL_CONVERSION = YES;
				CLANG_WARN_OBJC_ROOT_CLASS = YES_ERROR;
				CLANG_WARN_RANGE_LOOP_ANALYSIS = YES;
				CLANG_WARN_STRICT_PROTOTYPES = YES;
				CLANG_WARN_SUSPICIOUS_MOVE = YES;
				CLANG_WARN_UNGUARDED_AVAILABILITY = YES_AGGRESSIVE;
				CLANG_WARN_UNREACHABLE_CODE = YES;
				CLANG_WARN__DUPLICATE_METHOD_MATCH = YES;
				COPY_PHASE_STRIP = NO;
				DEBUG_INFORMATION_FORMAT = dwarf;
				ENABLE_STRICT_OBJC_MSGSEND = YES;
				ENABLE_TESTABILITY = YES;
				GCC_C_LANGUAGE_STANDARD = gnu11;
				GCC_DYNAMIC_NO_PIC = NO;
				GCC_NO_COMMON_BLOCKS = YES;
				GCC_OPTIMIZATION_LEVEL = 0;
				GCC_PREPROCESSOR_DEFINITIONS = (
					"DEBUG=1",
					"$(inherited)",
				);
				GCC_WARN_64_TO_32_BIT_CONVERSION = YES;
				GCC_WARN_ABOUT_RETURN_TYPE = YES_ERROR;
				GCC_WARN_UNDECLARED_SELECTOR = YES;
				GCC_WARN_UNINITIALIZED_AUTOS = YES_AGGRESSIVE;
				GCC_WARN_UNUSED_FUNCTION = YES;
				GCC_WARN_UNUSED_VARIABLE = YES;
				IPHONEOS_DEPLOYMENT_TARGET = 13.2;
				MTL_ENABLE_DEBUG_INFO = INCLUDE_SOURCE;
				MTL_FAST_MATH = YES;
				ONLY_ACTIVE_ARCH = YES;
				SDKROOT = iphoneos;
				SWIFT_ACTIVE_COMPILATION_CONDITIONS = DEBUG;
				SWIFT_OPTIMIZATION_LEVEL = "-Onone";
			};
			name = Debug;
		};
		FB1CA688237407B10074A6FC /* Release */ = {
			isa = XCBuildConfiguration;
			buildSettings = {
				ALWAYS_SEARCH_USER_PATHS = NO;
				CLANG_ANALYZER_NONNULL = YES;
				CLANG_ANALYZER_NUMBER_OBJECT_CONVERSION = YES_AGGRESSIVE;
				CLANG_CXX_LANGUAGE_STANDARD = "gnu++14";
				CLANG_CXX_LIBRARY = "libc++";
				CLANG_ENABLE_MODULES = YES;
				CLANG_ENABLE_OBJC_ARC = YES;
				CLANG_ENABLE_OBJC_WEAK = YES;
				CLANG_WARN_BLOCK_CAPTURE_AUTORELEASING = YES;
				CLANG_WARN_BOOL_CONVERSION = YES;
				CLANG_WARN_COMMA = YES;
				CLANG_WARN_CONSTANT_CONVERSION = YES;
				CLANG_WARN_DEPRECATED_OBJC_IMPLEMENTATIONS = YES;
				CLANG_WARN_DIRECT_OBJC_ISA_USAGE = YES_ERROR;
				CLANG_WARN_DOCUMENTATION_COMMENTS = YES;
				CLANG_WARN_EMPTY_BODY = YES;
				CLANG_WARN_ENUM_CONVERSION = YES;
				CLANG_WARN_INFINITE_RECURSION = YES;
				CLANG_WARN_INT_CONVERSION = YES;
				CLANG_WARN_NON_LITERAL_NULL_CONVERSION = YES;
				CLANG_WARN_OBJC_IMPLICIT_RETAIN_SELF = YES;
				CLANG_WARN_OBJC_LITERAL_CONVERSION = YES;
				CLANG_WARN_OBJC_ROOT_CLASS = YES_ERROR;
				CLANG_WARN_RANGE_LOOP_ANALYSIS = YES;
				CLANG_WARN_STRICT_PROTOTYPES = YES;
				CLANG_WARN_SUSPICIOUS_MOVE = YES;
				CLANG_WARN_UNGUARDED_AVAILABILITY = YES_AGGRESSIVE;
				CLANG_WARN_UNREACHABLE_CODE = YES;
				CLANG_WARN__DUPLICATE_METHOD_MATCH = YES;
				COPY_PHASE_STRIP = NO;
				DEBUG_INFORMATION_FORMAT = "dwarf-with-dsym";
				ENABLE_NS_ASSERTIONS = NO;
				ENABLE_STRICT_OBJC_MSGSEND = YES;
				GCC_C_LANGUAGE_STANDARD = gnu11;
				GCC_NO_COMMON_BLOCKS = YES;
				GCC_WARN_64_TO_32_BIT_CONVERSION = YES;
				GCC_WARN_ABOUT_RETURN_TYPE = YES_ERROR;
				GCC_WARN_UNDECLARED_SELECTOR = YES;
				GCC_WARN_UNINITIALIZED_AUTOS = YES_AGGRESSIVE;
				GCC_WARN_UNUSED_FUNCTION = YES;
				GCC_WARN_UNUSED_VARIABLE = YES;
				IPHONEOS_DEPLOYMENT_TARGET = 13.2;
				MTL_ENABLE_DEBUG_INFO = NO;
				MTL_FAST_MATH = YES;
				SDKROOT = iphoneos;
				SWIFT_COMPILATION_MODE = wholemodule;
				SWIFT_OPTIMIZATION_LEVEL = "-O";
				VALIDATE_PRODUCT = YES;
			};
			name = Release;
		};
		FB1CA68A237407B10074A6FC /* Debug */ = {
			isa = XCBuildConfiguration;
			baseConfigurationReference = 0C8DA48B5FD6D23415552E6E /* Pods-Flowering.debug.xcconfig */;
			buildSettings = {
				ASSETCATALOG_COMPILER_APPICON_NAME = AppIcon;
				CODE_SIGN_STYLE = Automatic;
				INFOPLIST_FILE = Flowering/Info.plist;
				IPHONEOS_DEPLOYMENT_TARGET = 13.2;
				LD_RUNPATH_SEARCH_PATHS = (
					"$(inherited)",
					"@executable_path/Frameworks",
				);
				PRODUCT_BUNDLE_IDENTIFIER = personal.Flowering;
				PRODUCT_NAME = "$(TARGET_NAME)";
				SWIFT_VERSION = 5.0;
				TARGETED_DEVICE_FAMILY = "1,2";
			};
			name = Debug;
		};
		FB1CA68B237407B10074A6FC /* Release */ = {
			isa = XCBuildConfiguration;
			baseConfigurationReference = A9CCD7EAC0CEA8FFC2671E40 /* Pods-Flowering.release.xcconfig */;
			buildSettings = {
				ASSETCATALOG_COMPILER_APPICON_NAME = AppIcon;
				CODE_SIGN_STYLE = Automatic;
				INFOPLIST_FILE = Flowering/Info.plist;
				IPHONEOS_DEPLOYMENT_TARGET = 13.2;
				LD_RUNPATH_SEARCH_PATHS = (
					"$(inherited)",
					"@executable_path/Frameworks",
				);
				PRODUCT_BUNDLE_IDENTIFIER = personal.Flowering;
				PRODUCT_NAME = "$(TARGET_NAME)";
				SWIFT_VERSION = 5.0;
				TARGETED_DEVICE_FAMILY = "1,2";
			};
			name = Release;
		};
/* End XCBuildConfiguration section */

/* Begin XCConfigurationList section */
		FB1CA670237407B00074A6FC /* Build configuration list for PBXProject "Flowering" */ = {
			isa = XCConfigurationList;
			buildConfigurations = (
				FB1CA687237407B10074A6FC /* Debug */,
				FB1CA688237407B10074A6FC /* Release */,
			);
			defaultConfigurationIsVisible = 0;
			defaultConfigurationName = Release;
		};
		FB1CA689237407B10074A6FC /* Build configuration list for PBXNativeTarget "Flowering" */ = {
			isa = XCConfigurationList;
			buildConfigurations = (
				FB1CA68A237407B10074A6FC /* Debug */,
				FB1CA68B237407B10074A6FC /* Release */,
			);
			defaultConfigurationIsVisible = 0;
			defaultConfigurationName = Release;
		};
/* End XCConfigurationList section */
	};
	rootObject = FB1CA66D237407B00074A6FC /* Project object */;
}
